
Microsoft Visual Studio Solution File, Format Version 12.00
# Visual Studio Version 17
VisualStudioVersion = 17.4.33122.133
MinimumVisualStudioVersion = 10.0.40219.1
Project("{9A19103F-16F7-4668-BE54-9A1E7A4F7556}") = "Dttl.Qr.Service", "Dttl.Qr.Service\Dttl.Qr.Service.csproj", "{D1DEE9E7-473E-4C90-8CD9-A7359DAECC90}"
EndProject
Project("{9A19103F-16F7-4668-BE54-9A1E7A4F7556}") = "Dttl.Qr.TestProject", "Dttl.Qr.TestProject\Dttl.Qr.TestProject.csproj", "{BEAA2D4C-3699-4F5E-B80D-18874FE21A6F}"
EndProject
Project("{9A19103F-16F7-4668-BE54-9A1E7A4F7556}") = "Dttl.Qr.Util", "Dttl.Qr.Util\Dttl.Qr.Util.csproj", "{D99655CB-FD12-497B-A0F5-F6ED0E31D5DB}"
EndProject
Project("{9A19103F-16F7-4668-BE54-9A1E7A4F7556}") = "Dttl.Qr.Model", "Dttl.Qr.Model\Dttl.Qr.Model.csproj", "{50E5DD5D-F9E7-4BA8-9988-A394A24BC247}"
EndProject
Project("{9A19103F-16F7-4668-BE54-9A1E7A4F7556}") = "Dttl.Qr.Data", "Dttl.Qr.Data\Dttl.Qr.Data.csproj", "{5A88ABA4-E1C6-44A3-9378-C66044D77160}"
EndProject
Project("{9A19103F-16F7-4668-BE54-9A1E7A4F7556}") = "Dttl.Qr.Repository", "Dttl.Qr.Repository\Dttl.Qr.Repository.csproj", "{C74927DF-5C0C-486A-B6BA-CF01E813DB29}"
EndProject
Project("{FAE04EC0-301F-11D3-BF4B-00C04F79EFBC}") = "Dttl.Qr.ServiceTests", "Dttl.Qr.ServiceTests\Dttl.Qr.ServiceTests.csproj", "{90347406-B51D-4468-A0A8-04B485E02C7A}"
EndProject
Global
	GlobalSection(SolutionConfigurationPlatforms) = preSolution
		Debug|Any CPU = Debug|Any CPU
		Release|Any CPU = Release|Any CPU
	EndGlobalSection
	GlobalSection(ProjectConfigurationPlatforms) = postSolution
		{D1DEE9E7-473E-4C90-8CD9-A7359DAECC90}.Debug|Any CPU.ActiveCfg = Debug|Any CPU
		{D1DEE9E7-473E-4C90-8CD9-A7359DAECC90}.Debug|Any CPU.Build.0 = Debug|Any CPU
		{D1DEE9E7-473E-4C90-8CD9-A7359DAECC90}.Release|Any CPU.ActiveCfg = Release|Any CPU
		{D1DEE9E7-473E-4C90-8CD9-A7359DAECC90}.Release|Any CPU.Build.0 = Release|Any CPU
		{BEAA2D4C-3699-4F5E-B80D-18874FE21A6F}.Debug|Any CPU.ActiveCfg = Debug|Any CPU
		{BEAA2D4C-3699-4F5E-B80D-18874FE21A6F}.Debug|Any CPU.Build.0 = Debug|Any CPU
		{BEAA2D4C-3699-4F5E-B80D-18874FE21A6F}.Release|Any CPU.ActiveCfg = Release|Any CPU
		{BEAA2D4C-3699-4F5E-B80D-18874FE21A6F}.Release|Any CPU.Build.0 = Release|Any CPU
		{D99655CB-FD12-497B-A0F5-F6ED0E31D5DB}.Debug|Any CPU.ActiveCfg = Debug|Any CPU
		{D99655CB-FD12-497B-A0F5-F6ED0E31D5DB}.Debug|Any CPU.Build.0 = Debug|Any CPU
		{D99655CB-FD12-497B-A0F5-F6ED0E31D5DB}.Release|Any CPU.ActiveCfg = Release|Any CPU
		{D99655CB-FD12-497B-A0F5-F6ED0E31D5DB}.Release|Any CPU.Build.0 = Release|Any CPU
		{50E5DD5D-F9E7-4BA8-9988-A394A24BC247}.Debug|Any CPU.ActiveCfg = Debug|Any CPU
		{50E5DD5D-F9E7-4BA8-9988-A394A24BC247}.Debug|Any CPU.Build.0 = Debug|Any CPU
		{50E5DD5D-F9E7-4BA8-9988-A394A24BC247}.Release|Any CPU.ActiveCfg = Release|Any CPU
		{50E5DD5D-F9E7-4BA8-9988-A394A24BC247}.Release|Any CPU.Build.0 = Release|Any CPU
		{5A88ABA4-E1C6-44A3-9378-C66044D77160}.Debug|Any CPU.ActiveCfg = Debug|Any CPU
		{5A88ABA4-E1C6-44A3-9378-C66044D77160}.Debug|Any CPU.Build.0 = Debug|Any CPU
		{5A88ABA4-E1C6-44A3-9378-C66044D77160}.Release|Any CPU.ActiveCfg = Release|Any CPU
		{5A88ABA4-E1C6-44A3-9378-C66044D77160}.Release|Any CPU.Build.0 = Release|Any CPU
		{C74927DF-5C0C-486A-B6BA-CF01E813DB29}.Debug|Any CPU.ActiveCfg = Debug|Any CPU
		{C74927DF-5C0C-486A-B6BA-CF01E813DB29}.Debug|Any CPU.Build.0 = Debug|Any CPU
		{C74927DF-5C0C-486A-B6BA-CF01E813DB29}.Release|Any CPU.ActiveCfg = Release|Any CPU
		{C74927DF-5C0C-486A-B6BA-CF01E813DB29}.Release|Any CPU.Build.0 = Release|Any CPU
		{90347406-B51D-4468-A0A8-04B485E02C7A}.Debug|Any CPU.ActiveCfg = Debug|Any CPU
		{90347406-B51D-4468-A0A8-04B485E02C7A}.Debug|Any CPU.Build.0 = Debug|Any CPU
		{90347406-B51D-4468-A0A8-04B485E02C7A}.Release|Any CPU.ActiveCfg = Release|Any CPU
		{90347406-B51D-4468-A0A8-04B485E02C7A}.Release|Any CPU.Build.0 = Release|Any CPU
	EndGlobalSection
	GlobalSection(SolutionProperties) = preSolution
		HideSolutionNode = FALSE
	EndGlobalSection
	GlobalSection(ExtensibilityGlobals) = postSolution
		SolutionGuid = {777E62BB-8762-491F-A3B7-EBD21D0B3ADA}
	EndGlobalSection
EndGlobal
